
Microsoft Visual Studio Solution File, Format Version 12.00
# Visual Studio Version 17
VisualStudioVersion = 17.3.32811.315
MinimumVisualStudioVersion = 10.0.40219.1
Project("{FAE04EC0-301F-11D3-BF4B-00C04F79EFBC}") = "FWS.Web", "FWS.Web\FWS.Web.csproj", "{6AC638DD-D8B2-4272-9C77-CB1EFCBD13E4}"
EndProject
Project("{FAE04EC0-301F-11D3-BF4B-00C04F79EFBC}") = "FWS.Utility", "FWS.Utility\FWS.Utility.csproj", "{B541E5F1-ADC0-42EC-BA10-6D8FAB92C937}"
EndProject
Project("{FAE04EC0-301F-11D3-BF4B-00C04F79EFBC}") = "FWS.DataAccess", "FWS.DataAccess\FWS.DataAccess.csproj", "{B442F9CB-854E-4E46-AE02-17F1FB783754}"
EndProject
Project("{FAE04EC0-301F-11D3-BF4B-00C04F79EFBC}") = "FWS.Models", "FWS.Models\FWS.Models.csproj", "{C87AD222-A8D9-4FA7-8C23-1985F3F06955}"
EndProject
Global
	GlobalSection(SolutionConfigurationPlatforms) = preSolution
		Debug|Any CPU = Debug|Any CPU
		Release|Any CPU = Release|Any CPU
	EndGlobalSection
	GlobalSection(ProjectConfigurationPlatforms) = postSolution
		{6AC638DD-D8B2-4272-9C77-CB1EFCBD13E4}.Debug|Any CPU.ActiveCfg = Debug|Any CPU
		{6AC638DD-D8B2-4272-9C77-CB1EFCBD13E4}.Debug|Any CPU.Build.0 = Debug|Any CPU
		{6AC638DD-D8B2-4272-9C77-CB1EFCBD13E4}.Release|Any CPU.ActiveCfg = Release|Any CPU
		{6AC638DD-D8B2-4272-9C77-CB1EFCBD13E4}.Release|Any CPU.Build.0 = Release|Any CPU
		{B541E5F1-ADC0-42EC-BA10-6D8FAB92C937}.Debug|Any CPU.ActiveCfg = Debug|Any CPU
		{B541E5F1-ADC0-42EC-BA10-6D8FAB92C937}.Debug|Any CPU.Build.0 = Debug|Any CPU
		{B541E5F1-ADC0-42EC-BA10-6D8FAB92C937}.Release|Any CPU.ActiveCfg = Release|Any CPU
		{B541E5F1-ADC0-42EC-BA10-6D8FAB92C937}.Release|Any CPU.Build.0 = Release|Any CPU
		{B442F9CB-854E-4E46-AE02-17F1FB783754}.Debug|Any CPU.ActiveCfg = Debug|Any CPU
		{B442F9CB-854E-4E46-AE02-17F1FB783754}.Debug|Any CPU.Build.0 = Debug|Any CPU
		{B442F9CB-854E-4E46-AE02-17F1FB783754}.Release|Any CPU.ActiveCfg = Release|Any CPU
		{B442F9CB-854E-4E46-AE02-17F1FB783754}.Release|Any CPU.Build.0 = Release|Any CPU
		{C87AD222-A8D9-4FA7-8C23-1985F3F06955}.Debug|Any CPU.ActiveCfg = Debug|Any CPU
		{C87AD222-A8D9-4FA7-8C23-1985F3F06955}.Debug|Any CPU.Build.0 = Debug|Any CPU
		{C87AD222-A8D9-4FA7-8C23-1985F3F06955}.Release|Any CPU.ActiveCfg = Release|Any CPU
		{C87AD222-A8D9-4FA7-8C23-1985F3F06955}.Release|Any CPU.Build.0 = Release|Any CPU
	EndGlobalSection
	GlobalSection(SolutionProperties) = preSolution
		HideSolutionNode = FALSE
	EndGlobalSection
	GlobalSection(ExtensibilityGlobals) = postSolution
		SolutionGuid = {BB5AC6B2-93E3-46A7-87C4-2AF7DAD17C48}
	EndGlobalSection
EndGlobal
